github.com/chai2010/webp v1.1.1 h1:jTRmEccAJ4MGrhFOrPMpNGIJ/eybIgwKpcACsrTEapk=
github.com/chai2010/webp v1.1.1/go.mod h1:0XVwvZWdjjdxpUEIf7b9g9VkHFnInUSYujwqTLEuldU=
github.com/csmith/aca v1.0.0 h1:m2g6ZeEWIP4K8R0CPxML6BqsmZy1rqqH00BMH2Xdvwo=
github.com/csmith/aca v1.0.0/go.mod h1:SFRZpOrR41de1ocfjMnDeV1uMrrj9RNSbLO15Xe3HZs=
github.com/csmith/envflag v1.0.0 h1:ARMp9RyT/+1eMevJrB0cQeHxBlGpnoLSjuPdGVINzIA=
github.com/csmith/envflag v1.0.0/go.mod h1:cE/k+xEpKPaIvo7Tz3RubNpWXRRf/WcI+bvPopn4VE0=
github.com/davecgh/go-spew v1.1.1 h1:vj9j/u1bqnvCEfJOwUhtlOARqs3+rkHYY13jYWTU97c=
github.com/nfnt/resize v0.0.0-20180221191011-83c6a9932646 h1:zYyBkD/k9seD2A7fsi6Oo2LfFZAehjjQMERAvZLEDnQ=
github.com/nfnt/resize v0.0.0-20180221191011-83c6a9932646/go.mod h1:jpp1/29i3P1S/RLdc7JQKbRpFeM1dOBd8T9ki5s+AY8=
github.com/pmezard/go-difflib v1.0.0 h1:4DBwDE0NGyQoBHbLQYPwSUPoCMWR5BEzIk/f1lZbAQM=
github.com/stretchr/testify v1.8.0 h1:pSgiaMZlXftHpm5L7V1+rVB+AZJydKsMxsQBIJw4PKk=
gopkg.in/yaml.v3 v3.0.1 h1:fxVm/GzAzEWqLHuvctI91KS9hhNmmWOoWu0XTYJS7CA=
